// !$*UTF8*$!
{
	archiveVersion = 1;
	classes = {
	};
	objectVersion = 55;
	objects = {

/* Begin PBXBuildFile section */
		C744245F283750E500482CFF /* AcercaDeMiCell.swift in Sources */ = {isa = PBXBuildFile; fileRef = C744245D283750E500482CFF /* AcercaDeMiCell.swift */; };
		C7442460283750E500482CFF /* AcercaDeMiCell.xib in Resources */ = {isa = PBXBuildFile; fileRef = C744245E283750E500482CFF /* AcercaDeMiCell.xib */; };
		C7442463283760D600482CFF /* Kingfisher in Frameworks */ = {isa = PBXBuildFile; productRef = C7442462283760D600482CFF /* Kingfisher */; };
		C7442465283764E100482CFF /* ViewExtension.swift in Sources */ = {isa = PBXBuildFile; fileRef = C7442464283764E100482CFF /* ViewExtension.swift */; };
		C74424682837678200482CFF /* ConocimientosCell.swift in Sources */ = {isa = PBXBuildFile; fileRef = C74424662837678200482CFF /* ConocimientosCell.swift */; };
		C74424692837678200482CFF /* ConocimientosCell.xib in Resources */ = {isa = PBXBuildFile; fileRef = C74424672837678200482CFF /* ConocimientosCell.xib */; };
		C77937BA28372D4000DCAFE4 /* RequestData.swift in Sources */ = {isa = PBXBuildFile; fileRef = C77937B928372D4000DCAFE4 /* RequestData.swift */; };
		C79B61432835FB95005874D4 /* AppDelegate.swift in Sources */ = {isa = PBXBuildFile; fileRef = C79B61422835FB95005874D4 /* AppDelegate.swift */; };
		C79B61452835FB95005874D4 /* SceneDelegate.swift in Sources */ = {isa = PBXBuildFile; fileRef = C79B61442835FB95005874D4 /* SceneDelegate.swift */; };
		C79B61472835FB95005874D4 /* ViewController.swift in Sources */ = {isa = PBXBuildFile; fileRef = C79B61462835FB95005874D4 /* ViewController.swift */; };
		C79B614A2835FB95005874D4 /* Main.storyboard in Resources */ = {isa = PBXBuildFile; fileRef = C79B61482835FB95005874D4 /* Main.storyboard */; };
		C79B614C2835FB97005874D4 /* Assets.xcassets in Resources */ = {isa = PBXBuildFile; fileRef = C79B614B2835FB97005874D4 /* Assets.xcassets */; };
		C79B614F2835FB97005874D4 /* LaunchScreen.storyboard in Resources */ = {isa = PBXBuildFile; fileRef = C79B614D2835FB97005874D4 /* LaunchScreen.storyboard */; };
		C79B61572835FD8B005874D4 /* GoogleService-Info.plist in Resources */ = {isa = PBXBuildFile; fileRef = C79B61562835FD8B005874D4 /* GoogleService-Info.plist */; };
		C79B615928360EA0005874D4 /* Structs.swift in Sources */ = {isa = PBXBuildFile; fileRef = C79B615828360EA0005874D4 /* Structs.swift */; };
		C7E1295D28388AE400958101 /* ExperienciaLaboralCell.swift in Sources */ = {isa = PBXBuildFile; fileRef = C7E1295B28388AE400958101 /* ExperienciaLaboralCell.swift */; };
		C7E1295E28388AE400958101 /* ExperienciaLaboralCell.xib in Resources */ = {isa = PBXBuildFile; fileRef = C7E1295C28388AE400958101 /* ExperienciaLaboralCell.xib */; };
		C7E1296128389B8F00958101 /* EscolaridadCell.swift in Sources */ = {isa = PBXBuildFile; fileRef = C7E1295F28389B8F00958101 /* EscolaridadCell.swift */; };
		C7E1296228389B8F00958101 /* EscolaridadCell.xib in Resources */ = {isa = PBXBuildFile; fileRef = C7E1296028389B8F00958101 /* EscolaridadCell.xib */; };
/* End PBXBuildFile section */

/* Begin PBXFileReference section */
		7B600E952DC1A6D99D177C1B /* Pods-CurriculimVitae.release.xcconfig */ = {isa = PBXFileReference; includeInIndex = 1; lastKnownFileType = text.xcconfig; name = "Pods-CurriculimVitae.release.xcconfig"; path = "Target Support Files/Pods-CurriculimVitae/Pods-CurriculimVitae.release.xcconfig"; sourceTree = "<group>"; };
		AE15BA119B556E2256DB1658 /* Pods-CurriculimVitae.debug.xcconfig */ = {isa = PBXFileReference; includeInIndex = 1; lastKnownFileType = text.xcconfig; name = "Pods-CurriculimVitae.debug.xcconfig"; path = "Target Support Files/Pods-CurriculimVitae/Pods-CurriculimVitae.debug.xcconfig"; sourceTree = "<group>"; };
		C744245D283750E500482CFF /* AcercaDeMiCell.swift */ = {isa = PBXFileReference; lastKnownFileType = sourcecode.swift; path = AcercaDeMiCell.swift; sourceTree = "<group>"; };
		C744245E283750E500482CFF /* AcercaDeMiCell.xib */ = {isa = PBXFileReference; lastKnownFileType = file.xib; path = AcercaDeMiCell.xib; sourceTree = "<group>"; };
		C7442464283764E100482CFF /* ViewExtension.swift */ = {isa = PBXFileReference; lastKnownFileType = sourcecode.swift; path = ViewExtension.swift; sourceTree = "<group>"; };
		C74424662837678200482CFF /* ConocimientosCell.swift */ = {isa = PBXFileReference; lastKnownFileType = sourcecode.swift; path = ConocimientosCell.swift; sourceTree = "<group>"; };
		C74424672837678200482CFF /* ConocimientosCell.xib */ = {isa = PBXFileReference; lastKnownFileType = file.xib; path = ConocimientosCell.xib; sourceTree = "<group>"; };
		C77937B928372D4000DCAFE4 /* RequestData.swift */ = {isa = PBXFileReference; lastKnownFileType = sourcecode.swift; path = RequestData.swift; sourceTree = "<group>"; };
		C79B613F2835FB95005874D4 /* CurriculimVitae.app */ = {isa = PBXFileReference; explicitFileType = wrapper.application; includeInIndex = 0; path = CurriculimVitae.app; sourceTree = BUILT_PRODUCTS_DIR; };
		C79B61422835FB95005874D4 /* AppDelegate.swift */ = {isa = PBXFileReference; lastKnownFileType = sourcecode.swift; path = AppDelegate.swift; sourceTree = "<group>"; };
		C79B61442835FB95005874D4 /* SceneDelegate.swift */ = {isa = PBXFileReference; lastKnownFileType = sourcecode.swift; path = SceneDelegate.swift; sourceTree = "<group>"; };
		C79B61462835FB95005874D4 /* ViewController.swift */ = {isa = PBXFileReference; lastKnownFileType = sourcecode.swift; path = ViewController.swift; sourceTree = "<group>"; };
		C79B61492835FB95005874D4 /* Base */ = {isa = PBXFileReference; lastKnownFileType = file.storyboard; name = Base; path = Base.lproj/Main.storyboard; sourceTree = "<group>"; };
		C79B614B2835FB97005874D4 /* Assets.xcassets */ = {isa = PBXFileReference; lastKnownFileType = folder.assetcatalog; path = Assets.xcassets; sourceTree = "<group>"; };
		C79B614E2835FB97005874D4 /* Base */ = {isa = PBXFileReference; lastKnownFileType = file.storyboard; name = Base; path = Base.lproj/LaunchScreen.storyboard; sourceTree = "<group>"; };
		C79B61502835FB97005874D4 /* Info.plist */ = {isa = PBXFileReference; lastKnownFileType = text.plist.xml; path = Info.plist; sourceTree = "<group>"; };
		C79B61562835FD8B005874D4 /* GoogleService-Info.plist */ = {isa = PBXFileReference; fileEncoding = 4; lastKnownFileType = text.plist.xml; path = "GoogleService-Info.plist"; sourceTree = "<group>"; };
		C79B615828360EA0005874D4 /* Structs.swift */ = {isa = PBXFileReference; lastKnownFileType = sourcecode.swift; path = Structs.swift; sourceTree = "<group>"; };
		C7E1295B28388AE400958101 /* ExperienciaLaboralCell.swift */ = {isa = PBXFileReference; lastKnownFileType = sourcecode.swift; path = ExperienciaLaboralCell.swift; sourceTree = "<group>"; };
		C7E1295C28388AE400958101 /* ExperienciaLaboralCell.xib */ = {isa = PBXFileReference; lastKnownFileType = file.xib; path = ExperienciaLaboralCell.xib; sourceTree = "<group>"; };
		C7E1295F28389B8F00958101 /* EscolaridadCell.swift */ = {isa = PBXFileReference; lastKnownFileType = sourcecode.swift; path = EscolaridadCell.swift; sourceTree = "<group>"; };
		C7E1296028389B8F00958101 /* EscolaridadCell.xib */ = {isa = PBXFileReference; lastKnownFileType = file.xib; path = EscolaridadCell.xib; sourceTree = "<group>"; };
/* End PBXFileReference section */

/* Begin PBXFrameworksBuildPhase section */
		C79B613C2835FB95005874D4 /* Frameworks */ = {
			isa = PBXFrameworksBuildPhase;
			buildActionMask = 2147483647;
			files = (
				C7442463283760D600482CFF /* Kingfisher in Frameworks */,
			);
			runOnlyForDeploymentPostprocessing = 0;
		};
/* End PBXFrameworksBuildPhase section */

/* Begin PBXGroup section */
		AE5BF649809E7F37115A249F /* Pods */ = {
			isa = PBXGroup;
			children = (
				AE15BA119B556E2256DB1658 /* Pods-CurriculimVitae.debug.xcconfig */,
				7B600E952DC1A6D99D177C1B /* Pods-CurriculimVitae.release.xcconfig */,
			);
			path = Pods;
			sourceTree = "<group>";
		};
		C744245C283750A700482CFF /* TableCells */ = {
			isa = PBXGroup;
			children = (
				C744245D283750E500482CFF /* AcercaDeMiCell.swift */,
				C744245E283750E500482CFF /* AcercaDeMiCell.xib */,
				C74424662837678200482CFF /* ConocimientosCell.swift */,
				C74424672837678200482CFF /* ConocimientosCell.xib */,
				C7E1295B28388AE400958101 /* ExperienciaLaboralCell.swift */,
				C7E1295C28388AE400958101 /* ExperienciaLaboralCell.xib */,
				C7E1295F28389B8F00958101 /* EscolaridadCell.swift */,
				C7E1296028389B8F00958101 /* EscolaridadCell.xib */,
			);
			path = TableCells;
			sourceTree = "<group>";
		};
		C79B61362835FB95005874D4 = {
			isa = PBXGroup;
			children = (
				C79B61412835FB95005874D4 /* CurriculimVitae */,
				C79B61402835FB95005874D4 /* Products */,
				AE5BF649809E7F37115A249F /* Pods */,
			);
			sourceTree = "<group>";
		};
		C79B61402835FB95005874D4 /* Products */ = {
			isa = PBXGroup;
			children = (
				C79B613F2835FB95005874D4 /* CurriculimVitae.app */,
			);
			name = Products;
			sourceTree = "<group>";
		};
		C79B61412835FB95005874D4 /* CurriculimVitae */ = {
			isa = PBXGroup;
			children = (
				C79B61422835FB95005874D4 /* AppDelegate.swift */,
				C77937B928372D4000DCAFE4 /* RequestData.swift */,
				C79B615828360EA0005874D4 /* Structs.swift */,
				C79B61442835FB95005874D4 /* SceneDelegate.swift */,
				C79B61462835FB95005874D4 /* ViewController.swift */,
				C7442464283764E100482CFF /* ViewExtension.swift */,
				C744245C283750A700482CFF /* TableCells */,
				C79B61482835FB95005874D4 /* Main.storyboard */,
				C79B614B2835FB97005874D4 /* Assets.xcassets */,
				C79B614D2835FB97005874D4 /* LaunchScreen.storyboard */,
				C79B61502835FB97005874D4 /* Info.plist */,
				C79B61562835FD8B005874D4 /* GoogleService-Info.plist */,
			);
			path = CurriculimVitae;
			sourceTree = "<group>";
		};
/* End PBXGroup section */

/* Begin PBXNativeTarget section */
		C79B613E2835FB95005874D4 /* CurriculimVitae */ = {
			isa = PBXNativeTarget;
			buildConfigurationList = C79B61532835FB97005874D4 /* Build configuration list for PBXNativeTarget "CurriculimVitae" */;
			buildPhases = (
				FA7F199E8F3CC49F4FAAFC71 /* [CP] Check Pods Manifest.lock */,
				C79B613B2835FB95005874D4 /* Sources */,
				C79B613C2835FB95005874D4 /* Frameworks */,
				C79B613D2835FB95005874D4 /* Resources */,
			);
			buildRules = (
			);
			dependencies = (
			);
			name = CurriculimVitae;
			packageProductDependencies = (
				C7442462283760D600482CFF /* Kingfisher */,
			);
			productName = CurriculimVitae;
			productReference = C79B613F2835FB95005874D4 /* CurriculimVitae.app */;
			productType = "com.apple.product-type.application";
		};
/* End PBXNativeTarget section */

/* Begin PBXProject section */
		C79B61372835FB95005874D4 /* Project object */ = {
			isa = PBXProject;
			attributes = {
				BuildIndependentTargetsInParallel = 1;
				LastSwiftUpdateCheck = 1330;
				LastUpgradeCheck = 1330;
				TargetAttributes = {
					C79B613E2835FB95005874D4 = {
						CreatedOnToolsVersion = 13.3.1;
					};
				};
			};
			buildConfigurationList = C79B613A2835FB95005874D4 /* Build configuration list for PBXProject "CurriculimVitae" */;
			compatibilityVersion = "Xcode 13.0";
			developmentRegion = en;
			hasScannedForEncodings = 0;
			knownRegions = (
				en,
				Base,
			);
			mainGroup = C79B61362835FB95005874D4;
			packageReferences = (
				C7442461283760D600482CFF /* XCRemoteSwiftPackageReference "Kingfisher" */,
			);
			productRefGroup = C79B61402835FB95005874D4 /* Products */;
			projectDirPath = "";
			projectRoot = "";
			targets = (
				C79B613E2835FB95005874D4 /* CurriculimVitae */,
			);
		};
/* End PBXProject section */

/* Begin PBXResourcesBuildPhase section */
		C79B613D2835FB95005874D4 /* Resources */ = {
			isa = PBXResourcesBuildPhase;
			buildActionMask = 2147483647;
			files = (
				C79B614F2835FB97005874D4 /* LaunchScreen.storyboard in Resources */,
				C79B61572835FD8B005874D4 /* GoogleService-Info.plist in Resources */,
				C74424692837678200482CFF /* ConocimientosCell.xib in Resources */,
				C7E1295E28388AE400958101 /* ExperienciaLaboralCell.xib in Resources */,
				C7442460283750E500482CFF /* AcercaDeMiCell.xib in Resources */,
				C79B614C2835FB97005874D4 /* Assets.xcassets in Resources */,
				C79B614A2835FB95005874D4 /* Main.storyboard in Resources */,
				C7E1296228389B8F00958101 /* EscolaridadCell.xib in Resources */,
			);
			runOnlyForDeploymentPostprocessing = 0;
		};
/* End PBXResourcesBuildPhase section */

/* Begin PBXShellScriptBuildPhase section */
		FA7F199E8F3CC49F4FAAFC71 /* [CP] Check Pods Manifest.lock */ = {
			isa = PBXShellScriptBuildPhase;
			buildActionMask = 2147483647;
			files = (
			);
			inputFileListPaths = (
			);
			inputPaths = (
				"${PODS_PODFILE_DIR_PATH}/Podfile.lock",
				"${PODS_ROOT}/Manifest.lock",
			);
			name = "[CP] Check Pods Manifest.lock";
			outputFileListPaths = (
			);
			outputPaths = (
				"$(DERIVED_FILE_DIR)/Pods-CurriculimVitae-checkManifestLockResult.txt",
			);
			runOnlyForDeploymentPostprocessing = 0;
			shellPath = /bin/sh;
			shellScript = "diff \"${PODS_PODFILE_DIR_PATH}/Podfile.lock\" \"${PODS_ROOT}/Manifest.lock\" > /dev/null\nif [ $? != 0 ] ; then\n    # print error to STDERR\n    echo \"error: The sandbox is not in sync with the Podfile.lock. Run 'pod install' or update your CocoaPods installation.\" >&2\n    exit 1\nfi\n# This output is used by Xcode 'outputs' to avoid re-running this script phase.\necho \"SUCCESS\" > \"${SCRIPT_OUTPUT_FILE_0}\"\n";
			showEnvVarsInLog = 0;
		};
/* End PBXShellScriptBuildPhase section */

/* Begin PBXSourcesBuildPhase section */
		C79B613B2835FB95005874D4 /* Sources */ = {
			isa = PBXSourcesBuildPhase;
			buildActionMask = 2147483647;
			files = (
				C79B615928360EA0005874D4 /* Structs.swift in Sources */,
				C7E1296128389B8F00958101 /* EscolaridadCell.swift in Sources */,
				C77937BA28372D4000DCAFE4 /* RequestData.swift in Sources */,
				C79B61472835FB95005874D4 /* ViewController.swift in Sources */,
				C7E1295D28388AE400958101 /* ExperienciaLaboralCell.swift in Sources */,
				C7442465283764E100482CFF /* ViewExtension.swift in Sources */,
				C74424682837678200482CFF /* ConocimientosCell.swift in Sources */,
				C79B61432835FB95005874D4 /* AppDelegate.swift in Sources */,
				C79B61452835FB95005874D4 /* SceneDelegate.swift in Sources */,
				C744245F283750E500482CFF /* AcercaDeMiCell.swift in Sources */,
			);
			runOnlyForDeploymentPostprocessing = 0;
		};
/* End PBXSourcesBuildPhase section */

/* Begin PBXVariantGroup section */
		C79B61482835FB95005874D4 /* Main.storyboard */ = {
			isa = PBXVariantGroup;
			children = (
				C79B61492835FB95005874D4 /* Base */,
			);
			name = Main.storyboard;
			sourceTree = "<group>";
		};
		C79B614D2835FB97005874D4 /* LaunchScreen.storyboard */ = {
			isa = PBXVariantGroup;
			children = (
				C79B614E2835FB97005874D4 /* Base */,
			);
			name = LaunchScreen.storyboard;
			sourceTree = "<group>";
		};
/* End PBXVariantGroup section */

/* Begin XCBuildConfiguration section */
		C79B61512835FB97005874D4 /* Debug */ = {
			isa = XCBuildConfiguration;
			buildSettings = {
				ALWAYS_SEARCH_USER_PATHS = NO;
				CLANG_ANALYZER_NONNULL = YES;
				CLANG_ANALYZER_NUMBER_OBJECT_CONVERSION = YES_AGGRESSIVE;
				CLANG_CXX_LANGUAGE_STANDARD = "gnu++17";
				CLANG_ENABLE_MODULES = YES;
				CLANG_ENABLE_OBJC_ARC = YES;
				CLANG_ENABLE_OBJC_WEAK = YES;
				CLANG_WARN_BLOCK_CAPTURE_AUTORELEASING = YES;
				CLANG_WARN_BOOL_CONVERSION = YES;
				CLANG_WARN_COMMA = YES;
				CLANG_WARN_CONSTANT_CONVERSION = YES;
				CLANG_WARN_DEPRECATED_OBJC_IMPLEMENTATIONS = YES;
				CLANG_WARN_DIRECT_OBJC_ISA_USAGE = YES_ERROR;
				CLANG_WARN_DOCUMENTATION_COMMENTS = YES;
				CLANG_WARN_EMPTY_BODY = YES;
				CLANG_WARN_ENUM_CONVERSION = YES;
				CLANG_WARN_INFINITE_RECURSION = YES;
				CLANG_WARN_INT_CONVERSION = YES;
				CLANG_WARN_NON_LITERAL_NULL_CONVERSION = YES;
				CLANG_WARN_OBJC_IMPLICIT_RETAIN_SELF = YES;
				CLANG_WARN_OBJC_LITERAL_CONVERSION = YES;
				CLANG_WARN_OBJC_ROOT_CLASS = YES_ERROR;
				CLANG_WARN_QUOTED_INCLUDE_IN_FRAMEWORK_HEADER = YES;
				CLANG_WARN_RANGE_LOOP_ANALYSIS = YES;
				CLANG_WARN_STRICT_PROTOTYPES = YES;
				CLANG_WARN_SUSPICIOUS_MOVE = YES;
				CLANG_WARN_UNGUARDED_AVAILABILITY = YES_AGGRESSIVE;
				CLANG_WARN_UNREACHABLE_CODE = YES;
				CLANG_WARN__DUPLICATE_METHOD_MATCH = YES;
				COPY_PHASE_STRIP = NO;
				DEBUG_INFORMATION_FORMAT = dwarf;
				ENABLE_STRICT_OBJC_MSGSEND = YES;
				ENABLE_TESTABILITY = YES;
				GCC_C_LANGUAGE_STANDARD = gnu11;
				GCC_DYNAMIC_NO_PIC = NO;
				GCC_NO_COMMON_BLOCKS = YES;
				GCC_OPTIMIZATION_LEVEL = 0;
				GCC_PREPROCESSOR_DEFINITIONS = (
					"DEBUG=1",
					"$(inherited)",
				);
				GCC_WARN_64_TO_32_BIT_CONVERSION = YES;
				GCC_WARN_ABOUT_RETURN_TYPE = YES_ERROR;
				GCC_WARN_UNDECLARED_SELECTOR = YES;
				GCC_WARN_UNINITIALIZED_AUTOS = YES_AGGRESSIVE;
				GCC_WARN_UNUSED_FUNCTION = YES;
				GCC_WARN_UNUSED_VARIABLE = YES;
				IPHONEOS_DEPLOYMENT_TARGET = 15.4;
				MTL_ENABLE_DEBUG_INFO = INCLUDE_SOURCE;
				MTL_FAST_MATH = YES;
				ONLY_ACTIVE_ARCH = YES;
				SDKROOT = iphoneos;
				SWIFT_ACTIVE_COMPILATION_CONDITIONS = DEBUG;
				SWIFT_OPTIMIZATION_LEVEL = "-Onone";
			};
			name = Debug;
		};
		C79B61522835FB97005874D4 /* Release */ = {
			isa = XCBuildConfiguration;
			buildSettings = {
				ALWAYS_SEARCH_USER_PATHS = NO;
				CLANG_ANALYZER_NONNULL = YES;
				CLANG_ANALYZER_NUMBER_OBJECT_CONVERSION = YES_AGGRESSIVE;
				CLANG_CXX_LANGUAGE_STANDARD = "gnu++17";
				CLANG_ENABLE_MODULES = YES;
				CLANG_ENABLE_OBJC_ARC = YES;
				CLANG_ENABLE_OBJC_WEAK = YES;
				CLANG_WARN_BLOCK_CAPTURE_AUTORELEASING = YES;
				CLANG_WARN_BOOL_CONVERSION = YES;
				CLANG_WARN_COMMA = YES;
				CLANG_WARN_CONSTANT_CONVERSION = YES;
				CLANG_WARN_DEPRECATED_OBJC_IMPLEMENTATIONS = YES;
				CLANG_WARN_DIRECT_OBJC_ISA_USAGE = YES_ERROR;
				CLANG_WARN_DOCUMENTATION_COMMENTS = YES;
				CLANG_WARN_EMPTY_BODY = YES;
				CLANG_WARN_ENUM_CONVERSION = YES;
				CLANG_WARN_INFINITE_RECURSION = YES;
				CLANG_WARN_INT_CONVERSION = YES;
				CLANG_WARN_NON_LITERAL_NULL_CONVERSION = YES;
				CLANG_WARN_OBJC_IMPLICIT_RETAIN_SELF = YES;
				CLANG_WARN_OBJC_LITERAL_CONVERSION = YES;
				CLANG_WARN_OBJC_ROOT_CLASS = YES_ERROR;
				CLANG_WARN_QUOTED_INCLUDE_IN_FRAMEWORK_HEADER = YES;
				CLANG_WARN_RANGE_LOOP_ANALYSIS = YES;
				CLANG_WARN_STRICT_PROTOTYPES = YES;
				CLANG_WARN_SUSPICIOUS_MOVE = YES;
				CLANG_WARN_UNGUARDED_AVAILABILITY = YES_AGGRESSIVE;
				CLANG_WARN_UNREACHABLE_CODE = YES;
				CLANG_WARN__DUPLICATE_METHOD_MATCH = YES;
				COPY_PHASE_STRIP = NO;
				DEBUG_INFORMATION_FORMAT = "dwarf-with-dsym";
				ENABLE_NS_ASSERTIONS = NO;
				ENABLE_STRICT_OBJC_MSGSEND = YES;
				GCC_C_LANGUAGE_STANDARD = gnu11;
				GCC_NO_COMMON_BLOCKS = YES;
				GCC_WARN_64_TO_32_BIT_CONVERSION = YES;
				GCC_WARN_ABOUT_RETURN_TYPE = YES_ERROR;
				GCC_WARN_UNDECLARED_SELECTOR = YES;
				GCC_WARN_UNINITIALIZED_AUTOS = YES_AGGRESSIVE;
				GCC_WARN_UNUSED_FUNCTION = YES;
				GCC_WARN_UNUSED_VARIABLE = YES;
				IPHONEOS_DEPLOYMENT_TARGET = 15.4;
				MTL_ENABLE_DEBUG_INFO = NO;
				MTL_FAST_MATH = YES;
				SDKROOT = iphoneos;
				SWIFT_COMPILATION_MODE = wholemodule;
				SWIFT_OPTIMIZATION_LEVEL = "-O";
				VALIDATE_PRODUCT = YES;
			};
			name = Release;
		};
		C79B61542835FB97005874D4 /* Debug */ = {
			isa = XCBuildConfiguration;
			baseConfigurationReference = AE15BA119B556E2256DB1658 /* Pods-CurriculimVitae.debug.xcconfig */;
			buildSettings = {
				ASSETCATALOG_COMPILER_APPICON_NAME = AppIcon;
				ASSETCATALOG_COMPILER_GLOBAL_ACCENT_COLOR_NAME = AccentColor;
				CODE_SIGN_STYLE = Automatic;
				CURRENT_PROJECT_VERSION = 1;
				DEVELOPMENT_TEAM = 449XCN3X7T;
				GENERATE_INFOPLIST_FILE = YES;
				INFOPLIST_FILE = CurriculimVitae/Info.plist;
				INFOPLIST_KEY_UIApplicationSupportsIndirectInputEvents = YES;
				INFOPLIST_KEY_UILaunchStoryboardName = LaunchScreen;
				INFOPLIST_KEY_UIMainStoryboardFile = Main;
				INFOPLIST_KEY_UISupportedInterfaceOrientations_iPad = "UIInterfaceOrientationPortrait UIInterfaceOrientationPortraitUpsideDown UIInterfaceOrientationLandscapeLeft UIInterfaceOrientationLandscapeRight";
				INFOPLIST_KEY_UISupportedInterfaceOrientations_iPhone = "UIInterfaceOrientationPortrait UIInterfaceOrientationLandscapeLeft UIInterfaceOrientationLandscapeRight";
				LD_RUNPATH_SEARCH_PATHS = (
					"$(inherited)",
					"@executable_path/Frameworks",
				);
				MARKETING_VERSION = 1.0;
				PRODUCT_BUNDLE_IDENTIFIER = org.jonathangracia.CurriculimVitae;
				PRODUCT_NAME = "$(TARGET_NAME)";
				SWIFT_EMIT_LOC_STRINGS = YES;
				SWIFT_VERSION = 5.0;
				TARGETED_DEVICE_FAMILY = "1,2";
			};
			name = Debug;
		};
		C79B61552835FB97005874D4 /* Release */ = {
			isa = XCBuildConfiguration;
			baseConfigurationReference = 7B600E952DC1A6D99D177C1B /* Pods-CurriculimVitae.release.xcconfig */;
			buildSettings = {
				ASSETCATALOG_COMPILER_APPICON_NAME = AppIcon;
				ASSETCATALOG_COMPILER_GLOBAL_ACCENT_COLOR_NAME = AccentColor;
				CODE_SIGN_STYLE = Automatic;
				CURRENT_PROJECT_VERSION = 1;
				DEVELOPMENT_TEAM = 449XCN3X7T;
				GENERATE_INFOPLIST_FILE = YES;
				INFOPLIST_FILE = CurriculimVitae/Info.plist;
				INFOPLIST_KEY_UIApplicationSupportsIndirectInputEvents = YES;
				INFOPLIST_KEY_UILaunchStoryboardName = LaunchScreen;
				INFOPLIST_KEY_UIMainStoryboardFile = Main;
				INFOPLIST_KEY_UISupportedInterfaceOrientations_iPad = "UIInterfaceOrientationPortrait UIInterfaceOrientationPortraitUpsideDown UIInterfaceOrientationLandscapeLeft UIInterfaceOrientationLandscapeRight";
				INFOPLIST_KEY_UISupportedInterfaceOrientations_iPhone = "UIInterfaceOrientationPortrait UIInterfaceOrientationLandscapeLeft UIInterfaceOrientationLandscapeRight";
				LD_RUNPATH_SEARCH_PATHS = (
					"$(inherited)",
					"@executable_path/Frameworks",
				);
				MARKETING_VERSION = 1.0;
				PRODUCT_BUNDLE_IDENTIFIER = org.jonathangracia.CurriculimVitae;
				PRODUCT_NAME = "$(TARGET_NAME)";
				SWIFT_EMIT_LOC_STRINGS = YES;
				SWIFT_VERSION = 5.0;
				TARGETED_DEVICE_FAMILY = "1,2";
			};
			name = Release;
		};
/* End XCBuildConfiguration section */

/* Begin XCConfigurationList section */
		C79B613A2835FB95005874D4 /* Build configuration list for PBXProject "CurriculimVitae" */ = {
			isa = XCConfigurationList;
			buildConfigurations = (
				C79B61512835FB97005874D4 /* Debug */,
				C79B61522835FB97005874D4 /* Release */,
			);
			defaultConfigurationIsVisible = 0;
			defaultConfigurationName = Release;
		};
		C79B61532835FB97005874D4 /* Build configuration list for PBXNativeTarget "CurriculimVitae" */ = {
			isa = XCConfigurationList;
			buildConfigurations = (
				C79B61542835FB97005874D4 /* Debug */,
				C79B61552835FB97005874D4 /* Release */,
			);
			defaultConfigurationIsVisible = 0;
			defaultConfigurationName = Release;
		};
/* End XCConfigurationList section */

/* Begin XCRemoteSwiftPackageReference section */
		C7442461283760D600482CFF /* XCRemoteSwiftPackageReference "Kingfisher" */ = {
			isa = XCRemoteSwiftPackageReference;
			repositoryURL = "https://github.com/onevcat/Kingfisher.git";
			requirement = {
				branch = master;
				kind = branch;
			};
		};
/* End XCRemoteSwiftPackageReference section */

/* Begin XCSwiftPackageProductDependency section */
		C7442462283760D600482CFF /* Kingfisher */ = {
			isa = XCSwiftPackageProductDependency;
			package = C7442461283760D600482CFF /* XCRemoteSwiftPackageReference "Kingfisher" */;
			productName = Kingfisher;
		};
/* End XCSwiftPackageProductDependency section */
	};
	rootObject = C79B61372835FB95005874D4 /* Project object */;
}
